
Microsoft Visual Studio Solution File, Format Version 12.00
# Visual Studio Version 16
VisualStudioVersion = 16.0.31829.152
MinimumVisualStudioVersion = 10.0.40219.1
Project("{FAE04EC0-301F-11D3-BF4B-00C04F79EFBC}") = "EddPractica10", "EddPractica10\EddPractica10.csproj", "{22D0B705-B868-47D8-B360-08620065E706}"
EndProject
Global
	GlobalSection(SolutionConfigurationPlatforms) = preSolution
		Debug|Any CPU = Debug|Any CPU
		Release|Any CPU = Release|Any CPU
	EndGlobalSection
	GlobalSection(ProjectConfigurationPlatforms) = postSolution
		{22D0B705-B868-47D8-B360-08620065E706}.Debug|Any CPU.ActiveCfg = Debug|Any CPU
		{22D0B705-B868-47D8-B360-08620065E706}.Debug|Any CPU.Build.0 = Debug|Any CPU
		{22D0B705-B868-47D8-B360-08620065E706}.Release|Any CPU.ActiveCfg = Release|Any CPU
		{22D0B705-B868-47D8-B360-08620065E706}.Release|Any CPU.Build.0 = Release|Any CPU
	EndGlobalSection
	GlobalSection(SolutionProperties) = preSolution
		HideSolutionNode = FALSE
	EndGlobalSection
	GlobalSection(ExtensibilityGlobals) = postSolution
		SolutionGuid = {3FB68026-B8D2-4F4C-AA40-B3389683631A}
	EndGlobalSection
EndGlobal
